
Microsoft Visual Studio Solution File, Format Version 12.00
# Visual Studio Version 17
VisualStudioVersion = 17.13.35806.99 d17.13
MinimumVisualStudioVersion = 10.0.40219.1
Project("{FAE04EC0-301F-11D3-BF4B-00C04F79EFBC}") = "12_VoMinhTri_LTW3", "12_VoMinhTri_LTW3\12_VoMinhTri_LTW3.csproj", "{08A9E943-8A26-4C1F-AD9E-B060E3CCA2C3}"
EndProject
Global
	GlobalSection(SolutionConfigurationPlatforms) = preSolution
		Debug|Any CPU = Debug|Any CPU
		Release|Any CPU = Release|Any CPU
	EndGlobalSection
	GlobalSection(ProjectConfigurationPlatforms) = postSolution
		{08A9E943-8A26-4C1F-AD9E-B060E3CCA2C3}.Debug|Any CPU.ActiveCfg = Debug|Any CPU
		{08A9E943-8A26-4C1F-AD9E-B060E3CCA2C3}.Debug|Any CPU.Build.0 = Debug|Any CPU
		{08A9E943-8A26-4C1F-AD9E-B060E3CCA2C3}.Release|Any CPU.ActiveCfg = Release|Any CPU
		{08A9E943-8A26-4C1F-AD9E-B060E3CCA2C3}.Release|Any CPU.Build.0 = Release|Any CPU
	EndGlobalSection
	GlobalSection(SolutionProperties) = preSolution
		HideSolutionNode = FALSE
	EndGlobalSection
	GlobalSection(ExtensibilityGlobals) = postSolution
		SolutionGuid = {742FB3F2-DA65-4963-9B63-23DA831C20F8}
	EndGlobalSection
EndGlobal
